// !$*UTF8*$!
{
	archiveVersion = 1;
	classes = {
	};
	objectVersion = 48;
	objects = {

/* Begin PBXBuildFile section */
		5E0689F3206ED27A00D5560B /* Media.xcassets in Resources */ = {isa = PBXBuildFile; fileRef = 5E0689F2206ED27A00D5560B /* Media.xcassets */; };
		5E07F08220696D0A005DF2F8 /* ClimateCircleView.swift in Sources */ = {isa = PBXBuildFile; fileRef = 5E07F08120696D0A005DF2F8 /* ClimateCircleView.swift */; };
		5E07F08420696D17005DF2F8 /* ClimateGrowingBarView.swift in Sources */ = {isa = PBXBuildFile; fileRef = 5E07F08320696D17005DF2F8 /* ClimateGrowingBarView.swift */; };
		5E0D6B1720616425007A5274 /* BarGraphView.swift in Sources */ = {isa = PBXBuildFile; fileRef = 5E0D6B1620616425007A5274 /* BarGraphView.swift */; };
		5E0D6B192062B895007A5274 /* GrowingBarView.swift in Sources */ = {isa = PBXBuildFile; fileRef = 5E0D6B182062B895007A5274 /* GrowingBarView.swift */; };
		5E2FC4F4206401ED00431038 /* CircleView.swift in Sources */ = {isa = PBXBuildFile; fileRef = 5E2FC4F3206401ED00431038 /* CircleView.swift */; };
		5E2FC4FF20693AB200431038 /* MasterViewController.swift in Sources */ = {isa = PBXBuildFile; fileRef = 5E2FC4FE20693AB200431038 /* MasterViewController.swift */; };
		5E2FC50720693BD700431038 /* ClimateBarGraphView.swift in Sources */ = {isa = PBXBuildFile; fileRef = 5E2FC50620693BD700431038 /* ClimateBarGraphView.swift */; };
		5E4425DB206A9AA600C6640E /* DisplayView.swift in Sources */ = {isa = PBXBuildFile; fileRef = 5E4425DA206A9AA600C6640E /* DisplayView.swift */; };
		5EA6651A205FFCDF005C7969 /* AppDelegate.swift in Sources */ = {isa = PBXBuildFile; fileRef = 5EA66519205FFCDF005C7969 /* AppDelegate.swift */; };
		5EA6651F205FFCDF005C7969 /* Main.storyboard in Resources */ = {isa = PBXBuildFile; fileRef = 5EA6651D205FFCDF005C7969 /* Main.storyboard */; };
		5EA66524205FFCDF005C7969 /* LaunchScreen.storyboard in Resources */ = {isa = PBXBuildFile; fileRef = 5EA66522205FFCDF005C7969 /* LaunchScreen.storyboard */; };
/* End PBXBuildFile section */

/* Begin PBXFileReference section */
		5E0689F2206ED27A00D5560B /* Media.xcassets */ = {isa = PBXFileReference; lastKnownFileType = folder.assetcatalog; path = Media.xcassets; sourceTree = "<group>"; };
		5E07F08120696D0A005DF2F8 /* ClimateCircleView.swift */ = {isa = PBXFileReference; lastKnownFileType = sourcecode.swift; path = ClimateCircleView.swift; sourceTree = "<group>"; };
		5E07F08320696D17005DF2F8 /* ClimateGrowingBarView.swift */ = {isa = PBXFileReference; lastKnownFileType = sourcecode.swift; path = ClimateGrowingBarView.swift; sourceTree = "<group>"; };
		5E0D6B1620616425007A5274 /* BarGraphView.swift */ = {isa = PBXFileReference; lastKnownFileType = sourcecode.swift; path = BarGraphView.swift; sourceTree = "<group>"; };
		5E0D6B182062B895007A5274 /* GrowingBarView.swift */ = {isa = PBXFileReference; lastKnownFileType = sourcecode.swift; path = GrowingBarView.swift; sourceTree = "<group>"; };
		5E2FC4F3206401ED00431038 /* CircleView.swift */ = {isa = PBXFileReference; lastKnownFileType = sourcecode.swift; path = CircleView.swift; sourceTree = "<group>"; };
		5E2FC4FE20693AB200431038 /* MasterViewController.swift */ = {isa = PBXFileReference; lastKnownFileType = sourcecode.swift; path = MasterViewController.swift; sourceTree = "<group>"; };
		5E2FC50620693BD700431038 /* ClimateBarGraphView.swift */ = {isa = PBXFileReference; lastKnownFileType = sourcecode.swift; path = ClimateBarGraphView.swift; sourceTree = "<group>"; };
		5E4425DA206A9AA600C6640E /* DisplayView.swift */ = {isa = PBXFileReference; lastKnownFileType = sourcecode.swift; path = DisplayView.swift; sourceTree = "<group>"; };
		5EA66516205FFCDF005C7969 /* WWDC18.app */ = {isa = PBXFileReference; explicitFileType = wrapper.application; includeInIndex = 0; path = WWDC18.app; sourceTree = BUILT_PRODUCTS_DIR; };
		5EA66519205FFCDF005C7969 /* AppDelegate.swift */ = {isa = PBXFileReference; lastKnownFileType = sourcecode.swift; path = AppDelegate.swift; sourceTree = "<group>"; };
		5EA6651E205FFCDF005C7969 /* Base */ = {isa = PBXFileReference; lastKnownFileType = file.storyboard; name = Base; path = Base.lproj/Main.storyboard; sourceTree = "<group>"; };
		5EA66523205FFCDF005C7969 /* Base */ = {isa = PBXFileReference; lastKnownFileType = file.storyboard; name = Base; path = Base.lproj/LaunchScreen.storyboard; sourceTree = "<group>"; };
		5EA66525205FFCDF005C7969 /* Info.plist */ = {isa = PBXFileReference; lastKnownFileType = text.plist.xml; path = Info.plist; sourceTree = "<group>"; };
/* End PBXFileReference section */

/* Begin PBXFrameworksBuildPhase section */
		5EA66513205FFCDF005C7969 /* Frameworks */ = {
			isa = PBXFrameworksBuildPhase;
			buildActionMask = 2147483647;
			files = (
			);
			runOnlyForDeploymentPostprocessing = 0;
		};
/* End PBXFrameworksBuildPhase section */

/* Begin PBXGroup section */
		5EA6650D205FFCDF005C7969 = {
			isa = PBXGroup;
			children = (
				5EA66518205FFCDF005C7969 /* WWDC18 */,
				5EA66517205FFCDF005C7969 /* Products */,
			);
			sourceTree = "<group>";
		};
		5EA66517205FFCDF005C7969 /* Products */ = {
			isa = PBXGroup;
			children = (
				5EA66516205FFCDF005C7969 /* WWDC18.app */,
			);
			name = Products;
			sourceTree = "<group>";
		};
		5EA66518205FFCDF005C7969 /* WWDC18 */ = {
			isa = PBXGroup;
			children = (
				5EA66519205FFCDF005C7969 /* AppDelegate.swift */,
				5E4425DA206A9AA600C6640E /* DisplayView.swift */,
				5E2FC4FE20693AB200431038 /* MasterViewController.swift */,
				5E0D6B1620616425007A5274 /* BarGraphView.swift */,
				5E0D6B182062B895007A5274 /* GrowingBarView.swift */,
				5E2FC4F3206401ED00431038 /* CircleView.swift */,
				5E2FC50620693BD700431038 /* ClimateBarGraphView.swift */,
				5E07F08320696D17005DF2F8 /* ClimateGrowingBarView.swift */,
				5E07F08120696D0A005DF2F8 /* ClimateCircleView.swift */,
				5EA6651D205FFCDF005C7969 /* Main.storyboard */,
				5EA66522205FFCDF005C7969 /* LaunchScreen.storyboard */,
				5EA66525205FFCDF005C7969 /* Info.plist */,
				5E0689F2206ED27A00D5560B /* Media.xcassets */,
			);
			path = WWDC18;
			sourceTree = "<group>";
		};
/* End PBXGroup section */

/* Begin PBXNativeTarget section */
		5EA66515205FFCDF005C7969 /* WWDC18 */ = {
			isa = PBXNativeTarget;
			buildConfigurationList = 5EA66528205FFCDF005C7969 /* Build configuration list for PBXNativeTarget "WWDC18" */;
			buildPhases = (
				5EA66512205FFCDF005C7969 /* Sources */,
				5EA66513205FFCDF005C7969 /* Frameworks */,
				5EA66514205FFCDF005C7969 /* Resources */,
			);
			buildRules = (
			);
			dependencies = (
			);
			name = WWDC18;
			productName = WWDC18;
			productReference = 5EA66516205FFCDF005C7969 /* WWDC18.app */;
			productType = "com.apple.product-type.application";
		};
/* End PBXNativeTarget section */

/* Begin PBXProject section */
		5EA6650E205FFCDF005C7969 /* Project object */ = {
			isa = PBXProject;
			attributes = {
				LastSwiftUpdateCheck = 0920;
				LastUpgradeCheck = 0920;
				ORGANIZATIONNAME = G;
				TargetAttributes = {
					5EA66515205FFCDF005C7969 = {
						CreatedOnToolsVersion = 9.2;
						ProvisioningStyle = Automatic;
					};
				};
			};
			buildConfigurationList = 5EA66511205FFCDF005C7969 /* Build configuration list for PBXProject "WWDC18" */;
			compatibilityVersion = "Xcode 8.0";
			developmentRegion = en;
			hasScannedForEncodings = 0;
			knownRegions = (
				en,
				Base,
			);
			mainGroup = 5EA6650D205FFCDF005C7969;
			productRefGroup = 5EA66517205FFCDF005C7969 /* Products */;
			projectDirPath = "";
			projectRoot = "";
			targets = (
				5EA66515205FFCDF005C7969 /* WWDC18 */,
			);
		};
/* End PBXProject section */

/* Begin PBXResourcesBuildPhase section */
		5EA66514205FFCDF005C7969 /* Resources */ = {
			isa = PBXResourcesBuildPhase;
			buildActionMask = 2147483647;
			files = (
				5EA66524205FFCDF005C7969 /* LaunchScreen.storyboard in Resources */,
				5E0689F3206ED27A00D5560B /* Media.xcassets in Resources */,
				5EA6651F205FFCDF005C7969 /* Main.storyboard in Resources */,
			);
			runOnlyForDeploymentPostprocessing = 0;
		};
/* End PBXResourcesBuildPhase section */

/* Begin PBXSourcesBuildPhase section */
		5EA66512205FFCDF005C7969 /* Sources */ = {
			isa = PBXSourcesBuildPhase;
			buildActionMask = 2147483647;
			files = (
				5E4425DB206A9AA600C6640E /* DisplayView.swift in Sources */,
				5E2FC4FF20693AB200431038 /* MasterViewController.swift in Sources */,
				5E0D6B192062B895007A5274 /* GrowingBarView.swift in Sources */,
				5E07F08220696D0A005DF2F8 /* ClimateCircleView.swift in Sources */,
				5E0D6B1720616425007A5274 /* BarGraphView.swift in Sources */,
				5E07F08420696D17005DF2F8 /* ClimateGrowingBarView.swift in Sources */,
				5E2FC50720693BD700431038 /* ClimateBarGraphView.swift in Sources */,
				5EA6651A205FFCDF005C7969 /* AppDelegate.swift in Sources */,
				5E2FC4F4206401ED00431038 /* CircleView.swift in Sources */,
			);
			runOnlyForDeploymentPostprocessing = 0;
		};
/* End PBXSourcesBuildPhase section */

/* Begin PBXVariantGroup section */
		5EA6651D205FFCDF005C7969 /* Main.storyboard */ = {
			isa = PBXVariantGroup;
			children = (
				5EA6651E205FFCDF005C7969 /* Base */,
			);
			name = Main.storyboard;
			sourceTree = "<group>";
		};
		5EA66522205FFCDF005C7969 /* LaunchScreen.storyboard */ = {
			isa = PBXVariantGroup;
			children = (
				5EA66523205FFCDF005C7969 /* Base */,
			);
			name = LaunchScreen.storyboard;
			sourceTree = "<group>";
		};
/* End PBXVariantGroup section */

/* Begin XCBuildConfiguration section */
		5EA66526205FFCDF005C7969 /* Debug */ = {
			isa = XCBuildConfiguration;
			buildSettings = {
				ALWAYS_SEARCH_USER_PATHS = NO;
				CLANG_ANALYZER_NONNULL = YES;
				CLANG_ANALYZER_NUMBER_OBJECT_CONVERSION = YES_AGGRESSIVE;
				CLANG_CXX_LANGUAGE_STANDARD = "gnu++14";
				CLANG_CXX_LIBRARY = "libc++";
				CLANG_ENABLE_MODULES = YES;
				CLANG_ENABLE_OBJC_ARC = YES;
				CLANG_WARN_BLOCK_CAPTURE_AUTORELEASING = YES;
				CLANG_WARN_BOOL_CONVERSION = YES;
				CLANG_WARN_COMMA = YES;
				CLANG_WARN_CONSTANT_CONVERSION = YES;
				CLANG_WARN_DIRECT_OBJC_ISA_USAGE = YES_ERROR;
				CLANG_WARN_DOCUMENTATION_COMMENTS = YES;
				CLANG_WARN_EMPTY_BODY = YES;
				CLANG_WARN_ENUM_CONVERSION = YES;
				CLANG_WARN_INFINITE_RECURSION = YES;
				CLANG_WARN_INT_CONVERSION = YES;
				CLANG_WARN_NON_LITERAL_NULL_CONVERSION = YES;
				CLANG_WARN_OBJC_LITERAL_CONVERSION = YES;
				CLANG_WARN_OBJC_ROOT_CLASS = YES_ERROR;
				CLANG_WARN_RANGE_LOOP_ANALYSIS = YES;
				CLANG_WARN_STRICT_PROTOTYPES = YES;
				CLANG_WARN_SUSPICIOUS_MOVE = YES;
				CLANG_WARN_UNGUARDED_AVAILABILITY = YES_AGGRESSIVE;
				CLANG_WARN_UNREACHABLE_CODE = YES;
				CLANG_WARN__DUPLICATE_METHOD_MATCH = YES;
				CODE_SIGN_IDENTITY = "iPhone Developer";
				COPY_PHASE_STRIP = NO;
				DEBUG_INFORMATION_FORMAT = dwarf;
				ENABLE_STRICT_OBJC_MSGSEND = YES;
				ENABLE_TESTABILITY = YES;
				GCC_C_LANGUAGE_STANDARD = gnu11;
				GCC_DYNAMIC_NO_PIC = NO;
				GCC_NO_COMMON_BLOCKS = YES;
				GCC_OPTIMIZATION_LEVEL = 0;
				GCC_PREPROCESSOR_DEFINITIONS = (
					"DEBUG=1",
					"$(inherited)",
				);
				GCC_WARN_64_TO_32_BIT_CONVERSION = YES;
				GCC_WARN_ABOUT_RETURN_TYPE = YES_ERROR;
				GCC_WARN_UNDECLARED_SELECTOR = YES;
				GCC_WARN_UNINITIALIZED_AUTOS = YES_AGGRESSIVE;
				GCC_WARN_UNUSED_FUNCTION = YES;
				GCC_WARN_UNUSED_VARIABLE = YES;
				IPHONEOS_DEPLOYMENT_TARGET = 11.2;
				MTL_ENABLE_DEBUG_INFO = YES;
				ONLY_ACTIVE_ARCH = YES;
				SDKROOT = iphoneos;
				SWIFT_ACTIVE_COMPILATION_CONDITIONS = DEBUG;
				SWIFT_OPTIMIZATION_LEVEL = "-Onone";
			};
			name = Debug;
		};
		5EA66527205FFCDF005C7969 /* Release */ = {
			isa = XCBuildConfiguration;
			buildSettings = {
				ALWAYS_SEARCH_USER_PATHS = NO;
				CLANG_ANALYZER_NONNULL = YES;
				CLANG_ANALYZER_NUMBER_OBJECT_CONVERSION = YES_AGGRESSIVE;
				CLANG_CXX_LANGUAGE_STANDARD = "gnu++14";
				CLANG_CXX_LIBRARY = "libc++";
				CLANG_ENABLE_MODULES = YES;
				CLANG_ENABLE_OBJC_ARC = YES;
				CLANG_WARN_BLOCK_CAPTURE_AUTORELEASING = YES;
				CLANG_WARN_BOOL_CONVERSION = YES;
				CLANG_WARN_COMMA = YES;
				CLANG_WARN_CONSTANT_CONVERSION = YES;
				CLANG_WARN_DIRECT_OBJC_ISA_USAGE = YES_ERROR;
				CLANG_WARN_DOCUMENTATION_COMMENTS = YES;
				CLANG_WARN_EMPTY_BODY = YES;
				CLANG_WARN_ENUM_CONVERSION = YES;
				CLANG_WARN_INFINITE_RECURSION = YES;
				CLANG_WARN_INT_CONVERSION = YES;
				CLANG_WARN_NON_LITERAL_NULL_CONVERSION = YES;
				CLANG_WARN_OBJC_LITERAL_CONVERSION = YES;
				CLANG_WARN_OBJC_ROOT_CLASS = YES_ERROR;
				CLANG_WARN_RANGE_LOOP_ANALYSIS = YES;
				CLANG_WARN_STRICT_PROTOTYPES = YES;
				CLANG_WARN_SUSPICIOUS_MOVE = YES;
				CLANG_WARN_UNGUARDED_AVAILABILITY = YES_AGGRESSIVE;
				CLANG_WARN_UNREACHABLE_CODE = YES;
				CLANG_WARN__DUPLICATE_METHOD_MATCH = YES;
				CODE_SIGN_IDENTITY = "iPhone Developer";
				COPY_PHASE_STRIP = NO;
				DEBUG_INFORMATION_FORMAT = "dwarf-with-dsym";
				ENABLE_NS_ASSERTIONS = NO;
				ENABLE_STRICT_OBJC_MSGSEND = YES;
				GCC_C_LANGUAGE_STANDARD = gnu11;
				GCC_NO_COMMON_BLOCKS = YES;
				GCC_WARN_64_TO_32_BIT_CONVERSION = YES;
				GCC_WARN_ABOUT_RETURN_TYPE = YES_ERROR;
				GCC_WARN_UNDECLARED_SELECTOR = YES;
				GCC_WARN_UNINITIALIZED_AUTOS = YES_AGGRESSIVE;
				GCC_WARN_UNUSED_FUNCTION = YES;
				GCC_WARN_UNUSED_VARIABLE = YES;
				IPHONEOS_DEPLOYMENT_TARGET = 11.2;
				MTL_ENABLE_DEBUG_INFO = NO;
				SDKROOT = iphoneos;
				SWIFT_OPTIMIZATION_LEVEL = "-Owholemodule";
				VALIDATE_PRODUCT = YES;
			};
			name = Release;
		};
		5EA66529205FFCDF005C7969 /* Debug */ = {
			isa = XCBuildConfiguration;
			buildSettings = {
				ASSETCATALOG_COMPILER_APPICON_NAME = AppIcon;
				CODE_SIGN_STYLE = Automatic;
				DEVELOPMENT_TEAM = S994LU3H7V;
				INFOPLIST_FILE = WWDC18/Info.plist;
				LD_RUNPATH_SEARCH_PATHS = "$(inherited) @executable_path/Frameworks";
				PRODUCT_BUNDLE_IDENTIFIER = g.WWDC18;
				PRODUCT_NAME = "$(TARGET_NAME)";
				SWIFT_VERSION = 4.0;
				TARGETED_DEVICE_FAMILY = "1,2";
			};
			name = Debug;
		};
		5EA6652A205FFCDF005C7969 /* Release */ = {
			isa = XCBuildConfiguration;
			buildSettings = {
				ASSETCATALOG_COMPILER_APPICON_NAME = AppIcon;
				CODE_SIGN_STYLE = Automatic;
				DEVELOPMENT_TEAM = S994LU3H7V;
				INFOPLIST_FILE = WWDC18/Info.plist;
				LD_RUNPATH_SEARCH_PATHS = "$(inherited) @executable_path/Frameworks";
				PRODUCT_BUNDLE_IDENTIFIER = g.WWDC18;
				PRODUCT_NAME = "$(TARGET_NAME)";
				SWIFT_VERSION = 4.0;
				TARGETED_DEVICE_FAMILY = "1,2";
			};
			name = Release;
		};
/* End XCBuildConfiguration section */

/* Begin XCConfigurationList section */
		5EA66511205FFCDF005C7969 /* Build configuration list for PBXProject "WWDC18" */ = {
			isa = XCConfigurationList;
			buildConfigurations = (
				5EA66526205FFCDF005C7969 /* Debug */,
				5EA66527205FFCDF005C7969 /* Release */,
			);
			defaultConfigurationIsVisible = 0;
			defaultConfigurationName = Release;
		};
		5EA66528205FFCDF005C7969 /* Build configuration list for PBXNativeTarget "WWDC18" */ = {
			isa = XCConfigurationList;
			buildConfigurations = (
				5EA66529205FFCDF005C7969 /* Debug */,
				5EA6652A205FFCDF005C7969 /* Release */,
			);
			defaultConfigurationIsVisible = 0;
			defaultConfigurationName = Release;
		};
/* End XCConfigurationList section */
	};
	rootObject = 5EA6650E205FFCDF005C7969 /* Project object */;
}
